
Microsoft Visual Studio Solution File, Format Version 12.00
# Visual Studio Version 17
VisualStudioVersion = 17.11.35208.52
MinimumVisualStudioVersion = 10.0.40219.1
Project("{FAE04EC0-301F-11D3-BF4B-00C04F79EFBC}") = "DbAddMigration", "DbAddMigration\DbAddMigration.csproj", "{CFFCFB89-5810-4CDA-B781-1B7ACE5BE614}"
EndProject
Global
	GlobalSection(SolutionConfigurationPlatforms) = preSolution
		Debug|Any CPU = Debug|Any CPU
		Release|Any CPU = Release|Any CPU
	EndGlobalSection
	GlobalSection(ProjectConfigurationPlatforms) = postSolution
		{CFFCFB89-5810-4CDA-B781-1B7ACE5BE614}.Debug|Any CPU.ActiveCfg = Debug|Any CPU
		{CFFCFB89-5810-4CDA-B781-1B7ACE5BE614}.Debug|Any CPU.Build.0 = Debug|Any CPU
		{CFFCFB89-5810-4CDA-B781-1B7ACE5BE614}.Release|Any CPU.ActiveCfg = Release|Any CPU
		{CFFCFB89-5810-4CDA-B781-1B7ACE5BE614}.Release|Any CPU.Build.0 = Release|Any CPU
	EndGlobalSection
	GlobalSection(SolutionProperties) = preSolution
		HideSolutionNode = FALSE
	EndGlobalSection
	GlobalSection(ExtensibilityGlobals) = postSolution
		SolutionGuid = {14D8AC8D-D0C4-40B2-A3F6-867157D03F6B}
	EndGlobalSection
EndGlobal
